
Microsoft Visual Studio Solution File, Format Version 12.00
# Visual Studio Version 17
VisualStudioVersion = 17.7.34202.233
MinimumVisualStudioVersion = 10.0.40219.1
Project("{9A19103F-16F7-4668-BE54-9A1E7A4F7556}") = "FabulaUltimaGMTool", "FabulaUltimaGMTool.csproj", "{553018C0-0383-4E1F-BDCF-ED4F40F26C91}"
EndProject
Project("{9A19103F-16F7-4668-BE54-9A1E7A4F7556}") = "FabulaUltimaDatabase", "..\FabulaUltimaDataImporter\FabulaUltimaDatabase\FabulaUltimaDatabase.csproj", "{45E91F4C-9C78-41BA-BA9E-1FF99A7D0E7B}"
EndProject
Project("{9A19103F-16F7-4668-BE54-9A1E7A4F7556}") = "FabulaUltimaNpc", "..\FabulaUltimaDataImporter\FabulaUltimaNpc\FabulaUltimaNpc.csproj", "{4EB7B7A1-EDD6-441C-A9B8-199840807851}"
EndProject
Project("{9A19103F-16F7-4668-BE54-9A1E7A4F7556}") = "FabulaUltimaSkillLibrary", "..\FabulaUltimaDataImporter\FabulaUltimaSkillLibrary\FabulaUltimaSkillLibrary.csproj", "{B31947D2-2783-4DAE-87D9-13CC335504C1}"
EndProject
Project("{9A19103F-16F7-4668-BE54-9A1E7A4F7556}") = "FabulaUltimaSkillLibraryTests", "..\FabulaUltimaDataImporter\FabulaUltimaSkillLibraryTests\FabulaUltimaSkillLibraryTests.csproj", "{4ED5A2B6-494F-40B6-927F-E6F98D02FAC0}"
EndProject
Global
	GlobalSection(SolutionConfigurationPlatforms) = preSolution
		Debug|Any CPU = Debug|Any CPU
		ExportDebug|Any CPU = ExportDebug|Any CPU
		ExportRelease|Any CPU = ExportRelease|Any CPU
		Release|Any CPU = Release|Any CPU
	EndGlobalSection
	GlobalSection(ProjectConfigurationPlatforms) = postSolution
		{553018C0-0383-4E1F-BDCF-ED4F40F26C91}.Debug|Any CPU.ActiveCfg = Debug|Any CPU
		{553018C0-0383-4E1F-BDCF-ED4F40F26C91}.Debug|Any CPU.Build.0 = Debug|Any CPU
		{553018C0-0383-4E1F-BDCF-ED4F40F26C91}.ExportDebug|Any CPU.ActiveCfg = ExportDebug|Any CPU
		{553018C0-0383-4E1F-BDCF-ED4F40F26C91}.ExportDebug|Any CPU.Build.0 = ExportDebug|Any CPU
		{553018C0-0383-4E1F-BDCF-ED4F40F26C91}.ExportRelease|Any CPU.ActiveCfg = ExportRelease|Any CPU
		{553018C0-0383-4E1F-BDCF-ED4F40F26C91}.ExportRelease|Any CPU.Build.0 = ExportRelease|Any CPU
		{553018C0-0383-4E1F-BDCF-ED4F40F26C91}.Release|Any CPU.ActiveCfg = ExportRelease|Any CPU
		{553018C0-0383-4E1F-BDCF-ED4F40F26C91}.Release|Any CPU.Build.0 = ExportRelease|Any CPU
		{45E91F4C-9C78-41BA-BA9E-1FF99A7D0E7B}.Debug|Any CPU.ActiveCfg = Debug|Any CPU
		{45E91F4C-9C78-41BA-BA9E-1FF99A7D0E7B}.Debug|Any CPU.Build.0 = Debug|Any CPU
		{45E91F4C-9C78-41BA-BA9E-1FF99A7D0E7B}.ExportDebug|Any CPU.ActiveCfg = Debug|Any CPU
		{45E91F4C-9C78-41BA-BA9E-1FF99A7D0E7B}.ExportDebug|Any CPU.Build.0 = Debug|Any CPU
		{45E91F4C-9C78-41BA-BA9E-1FF99A7D0E7B}.ExportRelease|Any CPU.ActiveCfg = Release|Any CPU
		{45E91F4C-9C78-41BA-BA9E-1FF99A7D0E7B}.ExportRelease|Any CPU.Build.0 = Release|Any CPU
		{45E91F4C-9C78-41BA-BA9E-1FF99A7D0E7B}.Release|Any CPU.ActiveCfg = Release|Any CPU
		{45E91F4C-9C78-41BA-BA9E-1FF99A7D0E7B}.Release|Any CPU.Build.0 = Release|Any CPU
		{4EB7B7A1-EDD6-441C-A9B8-199840807851}.Debug|Any CPU.ActiveCfg = Debug|Any CPU
		{4EB7B7A1-EDD6-441C-A9B8-199840807851}.Debug|Any CPU.Build.0 = Debug|Any CPU
		{4EB7B7A1-EDD6-441C-A9B8-199840807851}.ExportDebug|Any CPU.ActiveCfg = Debug|Any CPU
		{4EB7B7A1-EDD6-441C-A9B8-199840807851}.ExportDebug|Any CPU.Build.0 = Debug|Any CPU
		{4EB7B7A1-EDD6-441C-A9B8-199840807851}.ExportRelease|Any CPU.ActiveCfg = Release|Any CPU
		{4EB7B7A1-EDD6-441C-A9B8-199840807851}.ExportRelease|Any CPU.Build.0 = Release|Any CPU
		{4EB7B7A1-EDD6-441C-A9B8-199840807851}.Release|Any CPU.ActiveCfg = Release|Any CPU
		{4EB7B7A1-EDD6-441C-A9B8-199840807851}.Release|Any CPU.Build.0 = Release|Any CPU
		{B31947D2-2783-4DAE-87D9-13CC335504C1}.Debug|Any CPU.ActiveCfg = Debug|Any CPU
		{B31947D2-2783-4DAE-87D9-13CC335504C1}.Debug|Any CPU.Build.0 = Debug|Any CPU
		{B31947D2-2783-4DAE-87D9-13CC335504C1}.ExportDebug|Any CPU.ActiveCfg = Debug|Any CPU
		{B31947D2-2783-4DAE-87D9-13CC335504C1}.ExportDebug|Any CPU.Build.0 = Debug|Any CPU
		{B31947D2-2783-4DAE-87D9-13CC335504C1}.ExportRelease|Any CPU.ActiveCfg = Release|Any CPU
		{B31947D2-2783-4DAE-87D9-13CC335504C1}.ExportRelease|Any CPU.Build.0 = Release|Any CPU
		{B31947D2-2783-4DAE-87D9-13CC335504C1}.Release|Any CPU.ActiveCfg = Release|Any CPU
		{B31947D2-2783-4DAE-87D9-13CC335504C1}.Release|Any CPU.Build.0 = Release|Any CPU
		{4ED5A2B6-494F-40B6-927F-E6F98D02FAC0}.Debug|Any CPU.ActiveCfg = Debug|Any CPU
		{4ED5A2B6-494F-40B6-927F-E6F98D02FAC0}.Debug|Any CPU.Build.0 = Debug|Any CPU
		{4ED5A2B6-494F-40B6-927F-E6F98D02FAC0}.ExportDebug|Any CPU.ActiveCfg = Debug|Any CPU
		{4ED5A2B6-494F-40B6-927F-E6F98D02FAC0}.ExportDebug|Any CPU.Build.0 = Debug|Any CPU
		{4ED5A2B6-494F-40B6-927F-E6F98D02FAC0}.ExportRelease|Any CPU.ActiveCfg = Release|Any CPU
		{4ED5A2B6-494F-40B6-927F-E6F98D02FAC0}.ExportRelease|Any CPU.Build.0 = Release|Any CPU
		{4ED5A2B6-494F-40B6-927F-E6F98D02FAC0}.Release|Any CPU.ActiveCfg = Release|Any CPU
		{4ED5A2B6-494F-40B6-927F-E6F98D02FAC0}.Release|Any CPU.Build.0 = Release|Any CPU
	EndGlobalSection
	GlobalSection(SolutionProperties) = preSolution
		HideSolutionNode = FALSE
	EndGlobalSection
	GlobalSection(ExtensibilityGlobals) = postSolution
		SolutionGuid = {555A1AB1-E085-4F41-8AF3-FD6F0787260E}
	EndGlobalSection
EndGlobal
